
Microsoft Visual Studio Solution File, Format Version 12.00
Project("{FAE04EC0-301F-11D3-BF4B-00C04F79EFBC}") = "APBD08", "APBD08\APBD08.csproj", "{52A478DF-0103-4E17-8E34-D13AE7F5B245}"
EndProject
Global
	GlobalSection(SolutionConfigurationPlatforms) = preSolution
		Debug|Any CPU = Debug|Any CPU
		Release|Any CPU = Release|Any CPU
	EndGlobalSection
	GlobalSection(ProjectConfigurationPlatforms) = postSolution
		{52A478DF-0103-4E17-8E34-D13AE7F5B245}.Debug|Any CPU.ActiveCfg = Debug|Any CPU
		{52A478DF-0103-4E17-8E34-D13AE7F5B245}.Debug|Any CPU.Build.0 = Debug|Any CPU
		{52A478DF-0103-4E17-8E34-D13AE7F5B245}.Release|Any CPU.ActiveCfg = Release|Any CPU
		{52A478DF-0103-4E17-8E34-D13AE7F5B245}.Release|Any CPU.Build.0 = Release|Any CPU
	EndGlobalSection
EndGlobal
